
Microsoft Visual Studio Solution File, Format Version 12.00
# Visual Studio Version 16
VisualStudioVersion = 16.0.31205.134
MinimumVisualStudioVersion = 10.0.40219.1
Project("{FAE04EC0-301F-11D3-BF4B-00C04F79EFBC}") = "ShopBridge", "ShopBridge.csproj", "{088CE989-469A-4C49-863C-63AE192F4C75}"
EndProject
Project("{FAE04EC0-301F-11D3-BF4B-00C04F79EFBC}") = "ShopBridge.API", "..\ShopBridge.API\ShopBridge.API.csproj", "{1AC94D3F-091C-4C3E-8D7A-56EAB79ADEAB}"
EndProject
Global
	GlobalSection(SolutionConfigurationPlatforms) = preSolution
		Debug|Any CPU = Debug|Any CPU
		Release|Any CPU = Release|Any CPU
	EndGlobalSection
	GlobalSection(ProjectConfigurationPlatforms) = postSolution
		{088CE989-469A-4C49-863C-63AE192F4C75}.Debug|Any CPU.ActiveCfg = Debug|Any CPU
		{088CE989-469A-4C49-863C-63AE192F4C75}.Debug|Any CPU.Build.0 = Debug|Any CPU
		{088CE989-469A-4C49-863C-63AE192F4C75}.Release|Any CPU.ActiveCfg = Release|Any CPU
		{088CE989-469A-4C49-863C-63AE192F4C75}.Release|Any CPU.Build.0 = Release|Any CPU
		{1AC94D3F-091C-4C3E-8D7A-56EAB79ADEAB}.Debug|Any CPU.ActiveCfg = Debug|Any CPU
		{1AC94D3F-091C-4C3E-8D7A-56EAB79ADEAB}.Debug|Any CPU.Build.0 = Debug|Any CPU
		{1AC94D3F-091C-4C3E-8D7A-56EAB79ADEAB}.Release|Any CPU.ActiveCfg = Release|Any CPU
		{1AC94D3F-091C-4C3E-8D7A-56EAB79ADEAB}.Release|Any CPU.Build.0 = Release|Any CPU
	EndGlobalSection
	GlobalSection(SolutionProperties) = preSolution
		HideSolutionNode = FALSE
	EndGlobalSection
	GlobalSection(ExtensibilityGlobals) = postSolution
		SolutionGuid = {97EF7F30-019A-4493-B8F7-E577BEE0C220}
	EndGlobalSection
EndGlobal
